{
  "name": "architect-fastify-access-log",
  "version": "0.0.0",
  "lockfileVersion": 3,
  "requires": true,
  "packages": {
    "": {
      "name": "architect-fastify-access-log",
      "version": "0.0.0",
      "license": "Apache-2.0",
      "dependencies": {
        "strftime": "~0.10.3"
      }
    },
    "node_modules/strftime": {
      "version": "0.10.3",
      "resolved": "https://registry.npmjs.org/strftime/-/strftime-0.10.3.tgz",
      "integrity": "sha512-DZrDUeIF73eKJ4/GgGuv8UHWcUQPYDYfDeQFj3jrx+JZl6GQE656MbHIpvbo4mEG9a5DgS8GRCc5DxJXD2udDQ==",
      "license": "MIT",
      "engines": {
        "node": ">=0.2.0"
      }
    }
  }
}
